
Microsoft Visual Studio Solution File, Format Version 12.00
# Visual Studio Version 17
VisualStudioVersion = 17.10.35013.160
MinimumVisualStudioVersion = 10.0.40219.1
Project("{FAE04EC0-301F-11D3-BF4B-00C04F79EFBC}") = "ReflectionDynamicMethodInvocation", "ReflectionDynamicMethodInvocation\ReflectionDynamicMethodInvocation.csproj", "{55552A2A-EEE7-4B87-B2FD-C948D3A3EC95}"
EndProject
Global
	GlobalSection(SolutionConfigurationPlatforms) = preSolution
		Debug|Any CPU = Debug|Any CPU
		Release|Any CPU = Release|Any CPU
	EndGlobalSection
	GlobalSection(ProjectConfigurationPlatforms) = postSolution
		{55552A2A-EEE7-4B87-B2FD-C948D3A3EC95}.Debug|Any CPU.ActiveCfg = Debug|Any CPU
		{55552A2A-EEE7-4B87-B2FD-C948D3A3EC95}.Debug|Any CPU.Build.0 = Debug|Any CPU
		{55552A2A-EEE7-4B87-B2FD-C948D3A3EC95}.Release|Any CPU.ActiveCfg = Release|Any CPU
		{55552A2A-EEE7-4B87-B2FD-C948D3A3EC95}.Release|Any CPU.Build.0 = Release|Any CPU
	EndGlobalSection
	GlobalSection(SolutionProperties) = preSolution
		HideSolutionNode = FALSE
	EndGlobalSection
	GlobalSection(ExtensibilityGlobals) = postSolution
		SolutionGuid = {45E3190F-9772-442D-8A5F-BD0A3C7C8D44}
	EndGlobalSection
EndGlobal
